
Microsoft Visual Studio Solution File, Format Version 12.00
# Visual Studio Version 17
VisualStudioVersion = 17.13.35825.156
MinimumVisualStudioVersion = 10.0.40219.1
Project("{2150E333-8FDC-42A3-9474-1A3956D46DE8}") = "src", "src", "{02EA681E-C7D8-13C7-8484-4AC65E1B71E8}"
EndProject
Project("{FAE04EC0-301F-11D3-BF4B-00C04F79EFBC}") = "Ordering.API", "src\Ordering.API\Ordering.API.csproj", "{910D5112-472A-4A2B-9053-E6C862A166DC}"
EndProject
Project("{FAE04EC0-301F-11D3-BF4B-00C04F79EFBC}") = "Ordering.Domain", "src\Ordering.Domain\Ordering.Domain.csproj", "{244BE2BB-9127-4095-92EA-4D8E49240E8A}"
EndProject
Project("{FAE04EC0-301F-11D3-BF4B-00C04F79EFBC}") = "Ordering.Application", "src\Ordering.Application\Ordering.Application.csproj", "{1ACBA99B-313B-4FAA-80A7-FA3D24F30A08}"
EndProject
Project("{FAE04EC0-301F-11D3-BF4B-00C04F79EFBC}") = "Ordering.Infrastructure", "src\Ordering.Infrastructure\Ordering.Infrastructure.csproj", "{C66E6AB7-5838-4BBD-8046-8AFBD10C2D28}"
EndProject
Project("{E53339B2-1760-4266-BCC7-CA923CBCF16C}") = "docker-compose", "docker-compose.dcproj", "{81DDED9D-158B-E303-5F62-77A2896D2A5A}"
EndProject
Project("{2150E333-8FDC-42A3-9474-1A3956D46DE8}") = "requests", "requests", "{2B6F8B98-7D61-408A-A994-3C89B527ACCC}"
	ProjectSection(SolutionItems) = preProject
		requests\http-client.env.json = requests\http-client.env.json
		requests\orders.http = requests\orders.http
	EndProjectSection
EndProject
Global
	GlobalSection(SolutionConfigurationPlatforms) = preSolution
		Debug|Any CPU = Debug|Any CPU
		Release|Any CPU = Release|Any CPU
	EndGlobalSection
	GlobalSection(ProjectConfigurationPlatforms) = postSolution
		{910D5112-472A-4A2B-9053-E6C862A166DC}.Debug|Any CPU.ActiveCfg = Debug|Any CPU
		{910D5112-472A-4A2B-9053-E6C862A166DC}.Debug|Any CPU.Build.0 = Debug|Any CPU
		{910D5112-472A-4A2B-9053-E6C862A166DC}.Release|Any CPU.ActiveCfg = Release|Any CPU
		{910D5112-472A-4A2B-9053-E6C862A166DC}.Release|Any CPU.Build.0 = Release|Any CPU
		{244BE2BB-9127-4095-92EA-4D8E49240E8A}.Debug|Any CPU.ActiveCfg = Debug|Any CPU
		{244BE2BB-9127-4095-92EA-4D8E49240E8A}.Debug|Any CPU.Build.0 = Debug|Any CPU
		{244BE2BB-9127-4095-92EA-4D8E49240E8A}.Release|Any CPU.ActiveCfg = Release|Any CPU
		{244BE2BB-9127-4095-92EA-4D8E49240E8A}.Release|Any CPU.Build.0 = Release|Any CPU
		{1ACBA99B-313B-4FAA-80A7-FA3D24F30A08}.Debug|Any CPU.ActiveCfg = Debug|Any CPU
		{1ACBA99B-313B-4FAA-80A7-FA3D24F30A08}.Debug|Any CPU.Build.0 = Debug|Any CPU
		{1ACBA99B-313B-4FAA-80A7-FA3D24F30A08}.Release|Any CPU.ActiveCfg = Release|Any CPU
		{1ACBA99B-313B-4FAA-80A7-FA3D24F30A08}.Release|Any CPU.Build.0 = Release|Any CPU
		{C66E6AB7-5838-4BBD-8046-8AFBD10C2D28}.Debug|Any CPU.ActiveCfg = Debug|Any CPU
		{C66E6AB7-5838-4BBD-8046-8AFBD10C2D28}.Debug|Any CPU.Build.0 = Debug|Any CPU
		{C66E6AB7-5838-4BBD-8046-8AFBD10C2D28}.Release|Any CPU.ActiveCfg = Release|Any CPU
		{C66E6AB7-5838-4BBD-8046-8AFBD10C2D28}.Release|Any CPU.Build.0 = Release|Any CPU
		{81DDED9D-158B-E303-5F62-77A2896D2A5A}.Debug|Any CPU.ActiveCfg = Debug|Any CPU
		{81DDED9D-158B-E303-5F62-77A2896D2A5A}.Debug|Any CPU.Build.0 = Debug|Any CPU
		{81DDED9D-158B-E303-5F62-77A2896D2A5A}.Release|Any CPU.ActiveCfg = Release|Any CPU
		{81DDED9D-158B-E303-5F62-77A2896D2A5A}.Release|Any CPU.Build.0 = Release|Any CPU
	EndGlobalSection
	GlobalSection(SolutionProperties) = preSolution
		HideSolutionNode = FALSE
	EndGlobalSection
	GlobalSection(NestedProjects) = preSolution
		{910D5112-472A-4A2B-9053-E6C862A166DC} = {02EA681E-C7D8-13C7-8484-4AC65E1B71E8}
		{244BE2BB-9127-4095-92EA-4D8E49240E8A} = {02EA681E-C7D8-13C7-8484-4AC65E1B71E8}
		{1ACBA99B-313B-4FAA-80A7-FA3D24F30A08} = {02EA681E-C7D8-13C7-8484-4AC65E1B71E8}
		{C66E6AB7-5838-4BBD-8046-8AFBD10C2D28} = {02EA681E-C7D8-13C7-8484-4AC65E1B71E8}
	EndGlobalSection
	GlobalSection(ExtensibilityGlobals) = postSolution
		SolutionGuid = {179CA6C5-EACF-48D7-835A-65819B6419D8}
	EndGlobalSection
EndGlobal
